
Microsoft Visual Studio Solution File, Format Version 12.00
# Visual Studio Version 16
VisualStudioVersion = 16.0.29519.87
MinimumVisualStudioVersion = 10.0.40219.1
Project("{FAE04EC0-301F-11D3-BF4B-00C04F79EFBC}") = "UI", "UI\UI.csproj", "{416828E3-648D-4572-9D99-0CCA7FCECE68}"
EndProject
Project("{FAE04EC0-301F-11D3-BF4B-00C04F79EFBC}") = "Model", "Model\Model.csproj", "{D55CD5E7-E26B-4CB7-BF75-ECC383735A1F}"
EndProject
Global
	GlobalSection(SolutionConfigurationPlatforms) = preSolution
		Debug|Any CPU = Debug|Any CPU
		Release|Any CPU = Release|Any CPU
	EndGlobalSection
	GlobalSection(ProjectConfigurationPlatforms) = postSolution
		{416828E3-648D-4572-9D99-0CCA7FCECE68}.Debug|Any CPU.ActiveCfg = Debug|Any CPU
		{416828E3-648D-4572-9D99-0CCA7FCECE68}.Debug|Any CPU.Build.0 = Debug|Any CPU
		{416828E3-648D-4572-9D99-0CCA7FCECE68}.Release|Any CPU.ActiveCfg = Release|Any CPU
		{416828E3-648D-4572-9D99-0CCA7FCECE68}.Release|Any CPU.Build.0 = Release|Any CPU
		{D55CD5E7-E26B-4CB7-BF75-ECC383735A1F}.Debug|Any CPU.ActiveCfg = Debug|Any CPU
		{D55CD5E7-E26B-4CB7-BF75-ECC383735A1F}.Debug|Any CPU.Build.0 = Debug|Any CPU
		{D55CD5E7-E26B-4CB7-BF75-ECC383735A1F}.Release|Any CPU.ActiveCfg = Release|Any CPU
		{D55CD5E7-E26B-4CB7-BF75-ECC383735A1F}.Release|Any CPU.Build.0 = Release|Any CPU
	EndGlobalSection
	GlobalSection(SolutionProperties) = preSolution
		HideSolutionNode = FALSE
	EndGlobalSection
	GlobalSection(ExtensibilityGlobals) = postSolution
		SolutionGuid = {B07BC349-079B-4381-8DCF-9659468A1359}
	EndGlobalSection
EndGlobal
